
Microsoft Visual Studio Solution File, Format Version 12.00
# Visual Studio Version 16
VisualStudioVersion = 16.0.29201.188
MinimumVisualStudioVersion = 10.0.40219.1
Project("{FAE04EC0-301F-11D3-BF4B-00C04F79EFBC}") = "Exemplos_While_Fo", "Exemplos_While_Fo.csproj", "{E59B2A36-9FE2-41B7-A1BA-CEE666D75B9C}"
EndProject
Global
	GlobalSection(SolutionConfigurationPlatforms) = preSolution
		Debug|Any CPU = Debug|Any CPU
		Release|Any CPU = Release|Any CPU
	EndGlobalSection
	GlobalSection(ProjectConfigurationPlatforms) = postSolution
		{E59B2A36-9FE2-41B7-A1BA-CEE666D75B9C}.Debug|Any CPU.ActiveCfg = Debug|Any CPU
		{E59B2A36-9FE2-41B7-A1BA-CEE666D75B9C}.Debug|Any CPU.Build.0 = Debug|Any CPU
		{E59B2A36-9FE2-41B7-A1BA-CEE666D75B9C}.Release|Any CPU.ActiveCfg = Release|Any CPU
		{E59B2A36-9FE2-41B7-A1BA-CEE666D75B9C}.Release|Any CPU.Build.0 = Release|Any CPU
	EndGlobalSection
	GlobalSection(SolutionProperties) = preSolution
		HideSolutionNode = FALSE
	EndGlobalSection
	GlobalSection(ExtensibilityGlobals) = postSolution
		SolutionGuid = {640E9ADB-0E8B-450F-AEB5-6C57E1D41FED}
	EndGlobalSection
EndGlobal
